// !$*UTF8*$!
{
	archiveVersion = 1;
	classes = {
	};
	objectVersion = 50;
	objects = {

/* Begin PBXBuildFile section */
		7266558923E9BA230047EB9C /* AlertSearchTableViewCell.swift in Sources */ = {isa = PBXBuildFile; fileRef = 7266558823E9BA230047EB9C /* AlertSearchTableViewCell.swift */; };
		726CC10A23E7281F0085B75A /* LibraryCollectionViewController.swift in Sources */ = {isa = PBXBuildFile; fileRef = 726CC10923E7281F0085B75A /* LibraryCollectionViewController.swift */; };
		726CC11023E754DA0085B75A /* LibraryCollectionViewCell.swift in Sources */ = {isa = PBXBuildFile; fileRef = 726CC10F23E754DA0085B75A /* LibraryCollectionViewCell.swift */; };
		726DAC4C23E897DE00C50569 /* Library.storyboard in Resources */ = {isa = PBXBuildFile; fileRef = 726DAC4B23E897DE00C50569 /* Library.storyboard */; };
		726DAC4E23E897F600C50569 /* FavoritesCollectionViewController.storyboard in Resources */ = {isa = PBXBuildFile; fileRef = 726DAC4D23E897F500C50569 /* FavoritesCollectionViewController.storyboard */; };
		D226F4BB23E65C0C001E82A8 /* AppDelegate.swift in Sources */ = {isa = PBXBuildFile; fileRef = D226F4BA23E65C0C001E82A8 /* AppDelegate.swift */; };
		D226F4BD23E65C0C001E82A8 /* SceneDelegate.swift in Sources */ = {isa = PBXBuildFile; fileRef = D226F4BC23E65C0C001E82A8 /* SceneDelegate.swift */; };
		D226F4C223E65C0C001E82A8 /* Main.storyboard in Resources */ = {isa = PBXBuildFile; fileRef = D226F4C023E65C0C001E82A8 /* Main.storyboard */; };
		D226F4C423E65C0E001E82A8 /* Assets.xcassets in Resources */ = {isa = PBXBuildFile; fileRef = D226F4C323E65C0E001E82A8 /* Assets.xcassets */; };
		D226F4C723E65C0E001E82A8 /* LaunchScreen.storyboard in Resources */ = {isa = PBXBuildFile; fileRef = D226F4C523E65C0E001E82A8 /* LaunchScreen.storyboard */; };
		D226F4D823E719E5001E82A8 /* FavoritesCollectionViewController.swift in Sources */ = {isa = PBXBuildFile; fileRef = D226F4D723E719E5001E82A8 /* FavoritesCollectionViewController.swift */; };
		D226F4DB23E7260B001E82A8 /* MemeCollectionViewCell.swift in Sources */ = {isa = PBXBuildFile; fileRef = D226F4DA23E7260B001E82A8 /* MemeCollectionViewCell.swift */; };
		D24ACDB723E9EF2C007A259B /* giphy.gif in Resources */ = {isa = PBXBuildFile; fileRef = D24ACDB623E9EF2C007A259B /* giphy.gif */; };
		D24D3FC723EA269200962174 /* MemeTabBarController.swift in Sources */ = {isa = PBXBuildFile; fileRef = D24D3FC623EA269200962174 /* MemeTabBarController.swift */; };
		D24D3FCA23EA288800962174 /* ViewControllerMemeController.swift in Sources */ = {isa = PBXBuildFile; fileRef = D24D3FC923EA288800962174 /* ViewControllerMemeController.swift */; };
		D24D3FCC23EB379300962174 /* Meme.swift in Sources */ = {isa = PBXBuildFile; fileRef = D24D3FCB23EB379300962174 /* Meme.swift */; };
		D24D3FCE23EB384900962174 /* MemeController.swift in Sources */ = {isa = PBXBuildFile; fileRef = D24D3FCD23EB384900962174 /* MemeController.swift */; };
		D24D3FD123EB582400962174 /* ApiService.swift in Sources */ = {isa = PBXBuildFile; fileRef = D24D3FD023EB582400962174 /* ApiService.swift */; };
		D24D3FD323EBB96400962174 /* SearchMemesCollectionViewController.storyboard in Resources */ = {isa = PBXBuildFile; fileRef = D24D3FD223EBB96400962174 /* SearchMemesCollectionViewController.storyboard */; };
		D24D3FD523EBBA3400962174 /* SearchMemesCollectionViewController.swift in Sources */ = {isa = PBXBuildFile; fileRef = D24D3FD423EBBA3400962174 /* SearchMemesCollectionViewController.swift */; };
		D24D3FD723EBBB5900962174 /* SearchCollectionViewCell.swift in Sources */ = {isa = PBXBuildFile; fileRef = D24D3FD623EBBB5900962174 /* SearchCollectionViewCell.swift */; };
		D2524B9A23E8C7CB00EAC9A9 /* CreateMemeDetailViewController.storyboard in Resources */ = {isa = PBXBuildFile; fileRef = D2524B9923E8C7CB00EAC9A9 /* CreateMemeDetailViewController.storyboard */; };
		D2524B9C23E8CA6800EAC9A9 /* CreateMemeDetailViewController.swift in Sources */ = {isa = PBXBuildFile; fileRef = D2524B9B23E8CA6800EAC9A9 /* CreateMemeDetailViewController.swift */; };
		D28ADD1B23ECAB81003ECDAF /* BaseNavigationController.swift in Sources */ = {isa = PBXBuildFile; fileRef = D28ADD1A23ECAB81003ECDAF /* BaseNavigationController.swift */; };
		D28ADD1D23ECC891003ECDAF /* SearcMemeDetailViewController.swift in Sources */ = {isa = PBXBuildFile; fileRef = D28ADD1C23ECC891003ECDAF /* SearcMemeDetailViewController.swift */; };
/* End PBXBuildFile section */

/* Begin PBXFileReference section */
		7266558823E9BA230047EB9C /* AlertSearchTableViewCell.swift */ = {isa = PBXFileReference; lastKnownFileType = sourcecode.swift; path = AlertSearchTableViewCell.swift; sourceTree = "<group>"; };
		726CC10923E7281F0085B75A /* LibraryCollectionViewController.swift */ = {isa = PBXFileReference; lastKnownFileType = sourcecode.swift; name = LibraryCollectionViewController.swift; path = MemeIt/Controllers/LibraryCollectionViewController.swift; sourceTree = SOURCE_ROOT; };
		726CC10F23E754DA0085B75A /* LibraryCollectionViewCell.swift */ = {isa = PBXFileReference; lastKnownFileType = sourcecode.swift; path = LibraryCollectionViewCell.swift; sourceTree = "<group>"; };
		726DAC4B23E897DE00C50569 /* Library.storyboard */ = {isa = PBXFileReference; fileEncoding = 4; lastKnownFileType = file.storyboard; path = Library.storyboard; sourceTree = "<group>"; };
		726DAC4D23E897F500C50569 /* FavoritesCollectionViewController.storyboard */ = {isa = PBXFileReference; fileEncoding = 4; lastKnownFileType = file.storyboard; path = FavoritesCollectionViewController.storyboard; sourceTree = "<group>"; };
		D226F4B723E65C0C001E82A8 /* MemeIt.app */ = {isa = PBXFileReference; explicitFileType = wrapper.application; includeInIndex = 0; path = MemeIt.app; sourceTree = BUILT_PRODUCTS_DIR; };
		D226F4BA23E65C0C001E82A8 /* AppDelegate.swift */ = {isa = PBXFileReference; lastKnownFileType = sourcecode.swift; path = AppDelegate.swift; sourceTree = "<group>"; };
		D226F4BC23E65C0C001E82A8 /* SceneDelegate.swift */ = {isa = PBXFileReference; lastKnownFileType = sourcecode.swift; path = SceneDelegate.swift; sourceTree = "<group>"; };
		D226F4C123E65C0C001E82A8 /* Base */ = {isa = PBXFileReference; lastKnownFileType = file.storyboard; name = Base; path = Base.lproj/Main.storyboard; sourceTree = "<group>"; };
		D226F4C323E65C0E001E82A8 /* Assets.xcassets */ = {isa = PBXFileReference; lastKnownFileType = folder.assetcatalog; path = Assets.xcassets; sourceTree = "<group>"; };
		D226F4C623E65C0E001E82A8 /* Base */ = {isa = PBXFileReference; lastKnownFileType = file.storyboard; name = Base; path = Base.lproj/LaunchScreen.storyboard; sourceTree = "<group>"; };
		D226F4C823E65C0E001E82A8 /* Info.plist */ = {isa = PBXFileReference; lastKnownFileType = text.plist.xml; path = Info.plist; sourceTree = "<group>"; };
		D226F4D723E719E5001E82A8 /* FavoritesCollectionViewController.swift */ = {isa = PBXFileReference; lastKnownFileType = sourcecode.swift; path = FavoritesCollectionViewController.swift; sourceTree = "<group>"; };
		D226F4DA23E7260B001E82A8 /* MemeCollectionViewCell.swift */ = {isa = PBXFileReference; lastKnownFileType = sourcecode.swift; path = MemeCollectionViewCell.swift; sourceTree = "<group>"; };
		D24ACDB623E9EF2C007A259B /* giphy.gif */ = {isa = PBXFileReference; lastKnownFileType = image.gif; path = giphy.gif; sourceTree = "<group>"; };
		D24D3FC623EA269200962174 /* MemeTabBarController.swift */ = {isa = PBXFileReference; lastKnownFileType = sourcecode.swift; path = MemeTabBarController.swift; sourceTree = "<group>"; };
		D24D3FC923EA288800962174 /* ViewControllerMemeController.swift */ = {isa = PBXFileReference; lastKnownFileType = sourcecode.swift; path = ViewControllerMemeController.swift; sourceTree = "<group>"; };
		D24D3FCB23EB379300962174 /* Meme.swift */ = {isa = PBXFileReference; fileEncoding = 4; lastKnownFileType = sourcecode.swift; path = Meme.swift; sourceTree = "<group>"; };
		D24D3FCD23EB384900962174 /* MemeController.swift */ = {isa = PBXFileReference; fileEncoding = 4; lastKnownFileType = sourcecode.swift; path = MemeController.swift; sourceTree = "<group>"; };
		D24D3FD023EB582400962174 /* ApiService.swift */ = {isa = PBXFileReference; lastKnownFileType = sourcecode.swift; path = ApiService.swift; sourceTree = "<group>"; };
		D24D3FD223EBB96400962174 /* SearchMemesCollectionViewController.storyboard */ = {isa = PBXFileReference; lastKnownFileType = file.storyboard; path = SearchMemesCollectionViewController.storyboard; sourceTree = "<group>"; };
		D24D3FD423EBBA3400962174 /* SearchMemesCollectionViewController.swift */ = {isa = PBXFileReference; lastKnownFileType = sourcecode.swift; path = SearchMemesCollectionViewController.swift; sourceTree = "<group>"; };
		D24D3FD623EBBB5900962174 /* SearchCollectionViewCell.swift */ = {isa = PBXFileReference; lastKnownFileType = sourcecode.swift; path = SearchCollectionViewCell.swift; sourceTree = "<group>"; };
		D2524B9923E8C7CB00EAC9A9 /* CreateMemeDetailViewController.storyboard */ = {isa = PBXFileReference; lastKnownFileType = file.storyboard; path = CreateMemeDetailViewController.storyboard; sourceTree = "<group>"; };
		D2524B9B23E8CA6800EAC9A9 /* CreateMemeDetailViewController.swift */ = {isa = PBXFileReference; lastKnownFileType = sourcecode.swift; path = CreateMemeDetailViewController.swift; sourceTree = "<group>"; };
		D28ADD1A23ECAB81003ECDAF /* BaseNavigationController.swift */ = {isa = PBXFileReference; lastKnownFileType = sourcecode.swift; path = BaseNavigationController.swift; sourceTree = "<group>"; };
		D28ADD1C23ECC891003ECDAF /* SearcMemeDetailViewController.swift */ = {isa = PBXFileReference; lastKnownFileType = sourcecode.swift; path = SearcMemeDetailViewController.swift; sourceTree = "<group>"; };
/* End PBXFileReference section */

/* Begin PBXFrameworksBuildPhase section */
		D226F4B423E65C0C001E82A8 /* Frameworks */ = {
			isa = PBXFrameworksBuildPhase;
			buildActionMask = 2147483647;
			files = (
			);
			runOnlyForDeploymentPostprocessing = 0;
		};
/* End PBXFrameworksBuildPhase section */

/* Begin PBXGroup section */
		726DAC4A23E8971E00C50569 /* Recovered References */ = {
			isa = PBXGroup;
			children = (
			);
			name = "Recovered References";
			sourceTree = "<group>";
		};
		D226F4AE23E65C0C001E82A8 = {
			isa = PBXGroup;
			children = (
				D226F4B923E65C0C001E82A8 /* MemeIt */,
				D226F4B823E65C0C001E82A8 /* Products */,
				726DAC4A23E8971E00C50569 /* Recovered References */,
			);
			sourceTree = "<group>";
		};
		D226F4B823E65C0C001E82A8 /* Products */ = {
			isa = PBXGroup;
			children = (
				D226F4B723E65C0C001E82A8 /* MemeIt.app */,
			);
			name = Products;
			sourceTree = "<group>";
		};
		D226F4B923E65C0C001E82A8 /* MemeIt */ = {
			isa = PBXGroup;
			children = (
				D24D3FCF23EB580F00962174 /* ApiService */,
				D24D3FC823EA285800962174 /* Protocols */,
				D226F4D123E70E36001E82A8 /* Model Controllers */,
				D226F4D023E70E2A001E82A8 /* Views */,
				D226F4CF23E70E22001E82A8 /* Controllers */,
				D226F4CE23E70E16001E82A8 /* Models */,
				D226F4D223E70E47001E82A8 /* Resources */,
				D226F4C823E65C0E001E82A8 /* Info.plist */,
			);
			path = MemeIt;
			sourceTree = "<group>";
		};
		D226F4CE23E70E16001E82A8 /* Models */ = {
			isa = PBXGroup;
			children = (
				D24D3FCB23EB379300962174 /* Meme.swift */,
			);
			path = Models;
			sourceTree = "<group>";
		};
		D226F4CF23E70E22001E82A8 /* Controllers */ = {
			isa = PBXGroup;
			children = (
				726CC10923E7281F0085B75A /* LibraryCollectionViewController.swift */,
				D226F4D723E719E5001E82A8 /* FavoritesCollectionViewController.swift */,
				D2524B9B23E8CA6800EAC9A9 /* CreateMemeDetailViewController.swift */,
				D24D3FC623EA269200962174 /* MemeTabBarController.swift */,
				D24D3FD423EBBA3400962174 /* SearchMemesCollectionViewController.swift */,
				D28ADD1A23ECAB81003ECDAF /* BaseNavigationController.swift */,
				D28ADD1C23ECC891003ECDAF /* SearcMemeDetailViewController.swift */,
			);
			path = Controllers;
			sourceTree = "<group>";
		};
		D226F4D023E70E2A001E82A8 /* Views */ = {
			isa = PBXGroup;
			children = (
				726DAC4D23E897F500C50569 /* FavoritesCollectionViewController.storyboard */,
				726DAC4B23E897DE00C50569 /* Library.storyboard */,
				D2524B9923E8C7CB00EAC9A9 /* CreateMemeDetailViewController.storyboard */,
				D24D3FD223EBB96400962174 /* SearchMemesCollectionViewController.storyboard */,
				D226F4D923E725F6001E82A8 /* Cells */,
			);
			path = Views;
			sourceTree = "<group>";
		};
		D226F4D123E70E36001E82A8 /* Model Controllers */ = {
			isa = PBXGroup;
			children = (
				D24D3FCD23EB384900962174 /* MemeController.swift */,
			);
			path = "Model Controllers";
			sourceTree = "<group>";
		};
		D226F4D223E70E47001E82A8 /* Resources */ = {
			isa = PBXGroup;
			children = (
				D226F4BA23E65C0C001E82A8 /* AppDelegate.swift */,
				D226F4BC23E65C0C001E82A8 /* SceneDelegate.swift */,
				D226F4C023E65C0C001E82A8 /* Main.storyboard */,
				D226F4C323E65C0E001E82A8 /* Assets.xcassets */,
				D24ACDB623E9EF2C007A259B /* giphy.gif */,
				D226F4C523E65C0E001E82A8 /* LaunchScreen.storyboard */,
			);
			path = Resources;
			sourceTree = "<group>";
		};
		D226F4D923E725F6001E82A8 /* Cells */ = {
			isa = PBXGroup;
			children = (
				D226F4DA23E7260B001E82A8 /* MemeCollectionViewCell.swift */,
				726CC10F23E754DA0085B75A /* LibraryCollectionViewCell.swift */,
				7266558823E9BA230047EB9C /* AlertSearchTableViewCell.swift */,
				D24D3FD623EBBB5900962174 /* SearchCollectionViewCell.swift */,
			);
			path = Cells;
			sourceTree = "<group>";
		};
		D24D3FC823EA285800962174 /* Protocols */ = {
			isa = PBXGroup;
			children = (
				D24D3FC923EA288800962174 /* ViewControllerMemeController.swift */,
			);
			path = Protocols;
			sourceTree = "<group>";
		};
		D24D3FCF23EB580F00962174 /* ApiService */ = {
			isa = PBXGroup;
			children = (
				D24D3FD023EB582400962174 /* ApiService.swift */,
			);
			path = ApiService;
			sourceTree = "<group>";
		};
/* End PBXGroup section */

/* Begin PBXNativeTarget section */
		D226F4B623E65C0C001E82A8 /* MemeIt */ = {
			isa = PBXNativeTarget;
			buildConfigurationList = D226F4CB23E65C0E001E82A8 /* Build configuration list for PBXNativeTarget "MemeIt" */;
			buildPhases = (
				D226F4B323E65C0C001E82A8 /* Sources */,
				D226F4B423E65C0C001E82A8 /* Frameworks */,
				D226F4B523E65C0C001E82A8 /* Resources */,
			);
			buildRules = (
			);
			dependencies = (
			);
			name = MemeIt;
			productName = MemeIt;
			productReference = D226F4B723E65C0C001E82A8 /* MemeIt.app */;
			productType = "com.apple.product-type.application";
		};
/* End PBXNativeTarget section */

/* Begin PBXProject section */
		D226F4AF23E65C0C001E82A8 /* Project object */ = {
			isa = PBXProject;
			attributes = {
				LastSwiftUpdateCheck = 1130;
				LastUpgradeCheck = 1130;
				ORGANIZATIONNAME = "scott harris";
				TargetAttributes = {
					D226F4B623E65C0C001E82A8 = {
						CreatedOnToolsVersion = 11.3.1;
					};
				};
			};
			buildConfigurationList = D226F4B223E65C0C001E82A8 /* Build configuration list for PBXProject "MemeIt" */;
			compatibilityVersion = "Xcode 9.3";
			developmentRegion = en;
			hasScannedForEncodings = 0;
			knownRegions = (
				en,
				Base,
			);
			mainGroup = D226F4AE23E65C0C001E82A8;
			productRefGroup = D226F4B823E65C0C001E82A8 /* Products */;
			projectDirPath = "";
			projectRoot = "";
			targets = (
				D226F4B623E65C0C001E82A8 /* MemeIt */,
			);
		};
/* End PBXProject section */

/* Begin PBXResourcesBuildPhase section */
		D226F4B523E65C0C001E82A8 /* Resources */ = {
			isa = PBXResourcesBuildPhase;
			buildActionMask = 2147483647;
			files = (
				D24ACDB723E9EF2C007A259B /* giphy.gif in Resources */,
				D2524B9A23E8C7CB00EAC9A9 /* CreateMemeDetailViewController.storyboard in Resources */,
				D226F4C723E65C0E001E82A8 /* LaunchScreen.storyboard in Resources */,
				D226F4C423E65C0E001E82A8 /* Assets.xcassets in Resources */,
				726DAC4E23E897F600C50569 /* FavoritesCollectionViewController.storyboard in Resources */,
				D24D3FD323EBB96400962174 /* SearchMemesCollectionViewController.storyboard in Resources */,
				726DAC4C23E897DE00C50569 /* Library.storyboard in Resources */,
				D226F4C223E65C0C001E82A8 /* Main.storyboard in Resources */,
			);
			runOnlyForDeploymentPostprocessing = 0;
		};
/* End PBXResourcesBuildPhase section */

/* Begin PBXSourcesBuildPhase section */
		D226F4B323E65C0C001E82A8 /* Sources */ = {
			isa = PBXSourcesBuildPhase;
			buildActionMask = 2147483647;
			files = (
				D226F4BB23E65C0C001E82A8 /* AppDelegate.swift in Sources */,
				D24D3FC723EA269200962174 /* MemeTabBarController.swift in Sources */,
				7266558923E9BA230047EB9C /* AlertSearchTableViewCell.swift in Sources */,
				726CC10A23E7281F0085B75A /* LibraryCollectionViewController.swift in Sources */,
				D226F4D823E719E5001E82A8 /* FavoritesCollectionViewController.swift in Sources */,
				D226F4DB23E7260B001E82A8 /* MemeCollectionViewCell.swift in Sources */,
				D226F4BD23E65C0C001E82A8 /* SceneDelegate.swift in Sources */,
				D24D3FD123EB582400962174 /* ApiService.swift in Sources */,
				D28ADD1B23ECAB81003ECDAF /* BaseNavigationController.swift in Sources */,
				D28ADD1D23ECC891003ECDAF /* SearcMemeDetailViewController.swift in Sources */,
				D24D3FCE23EB384900962174 /* MemeController.swift in Sources */,
				726CC11023E754DA0085B75A /* LibraryCollectionViewCell.swift in Sources */,
				D24D3FCA23EA288800962174 /* ViewControllerMemeController.swift in Sources */,
				D24D3FCC23EB379300962174 /* Meme.swift in Sources */,
				D24D3FD523EBBA3400962174 /* SearchMemesCollectionViewController.swift in Sources */,
				D2524B9C23E8CA6800EAC9A9 /* CreateMemeDetailViewController.swift in Sources */,
				D24D3FD723EBBB5900962174 /* SearchCollectionViewCell.swift in Sources */,
			);
			runOnlyForDeploymentPostprocessing = 0;
		};
/* End PBXSourcesBuildPhase section */

/* Begin PBXVariantGroup section */
		D226F4C023E65C0C001E82A8 /* Main.storyboard */ = {
			isa = PBXVariantGroup;
			children = (
				D226F4C123E65C0C001E82A8 /* Base */,
			);
			name = Main.storyboard;
			sourceTree = "<group>";
		};
		D226F4C523E65C0E001E82A8 /* LaunchScreen.storyboard */ = {
			isa = PBXVariantGroup;
			children = (
				D226F4C623E65C0E001E82A8 /* Base */,
			);
			name = LaunchScreen.storyboard;
			sourceTree = "<group>";
		};
/* End PBXVariantGroup section */

/* Begin XCBuildConfiguration section */
		D226F4C923E65C0E001E82A8 /* Debug */ = {
			isa = XCBuildConfiguration;
			buildSettings = {
				ALWAYS_SEARCH_USER_PATHS = NO;
				CLANG_ANALYZER_NONNULL = YES;
				CLANG_ANALYZER_NUMBER_OBJECT_CONVERSION = YES_AGGRESSIVE;
				CLANG_CXX_LANGUAGE_STANDARD = "gnu++14";
				CLANG_CXX_LIBRARY = "libc++";
				CLANG_ENABLE_MODULES = YES;
				CLANG_ENABLE_OBJC_ARC = YES;
				CLANG_ENABLE_OBJC_WEAK = YES;
				CLANG_WARN_BLOCK_CAPTURE_AUTORELEASING = YES;
				CLANG_WARN_BOOL_CONVERSION = YES;
				CLANG_WARN_COMMA = YES;
				CLANG_WARN_CONSTANT_CONVERSION = YES;
				CLANG_WARN_DEPRECATED_OBJC_IMPLEMENTATIONS = YES;
				CLANG_WARN_DIRECT_OBJC_ISA_USAGE = YES_ERROR;
				CLANG_WARN_DOCUMENTATION_COMMENTS = YES;
				CLANG_WARN_EMPTY_BODY = YES;
				CLANG_WARN_ENUM_CONVERSION = YES;
				CLANG_WARN_INFINITE_RECURSION = YES;
				CLANG_WARN_INT_CONVERSION = YES;
				CLANG_WARN_NON_LITERAL_NULL_CONVERSION = YES;
				CLANG_WARN_OBJC_IMPLICIT_RETAIN_SELF = YES;
				CLANG_WARN_OBJC_LITERAL_CONVERSION = YES;
				CLANG_WARN_OBJC_ROOT_CLASS = YES_ERROR;
				CLANG_WARN_RANGE_LOOP_ANALYSIS = YES;
				CLANG_WARN_STRICT_PROTOTYPES = YES;
				CLANG_WARN_SUSPICIOUS_MOVE = YES;
				CLANG_WARN_UNGUARDED_AVAILABILITY = YES_AGGRESSIVE;
				CLANG_WARN_UNREACHABLE_CODE = YES;
				CLANG_WARN__DUPLICATE_METHOD_MATCH = YES;
				COPY_PHASE_STRIP = NO;
				DEBUG_INFORMATION_FORMAT = dwarf;
				ENABLE_STRICT_OBJC_MSGSEND = YES;
				ENABLE_TESTABILITY = YES;
				GCC_C_LANGUAGE_STANDARD = gnu11;
				GCC_DYNAMIC_NO_PIC = NO;
				GCC_NO_COMMON_BLOCKS = YES;
				GCC_OPTIMIZATION_LEVEL = 0;
				GCC_PREPROCESSOR_DEFINITIONS = (
					"DEBUG=1",
					"$(inherited)",
				);
				GCC_WARN_64_TO_32_BIT_CONVERSION = YES;
				GCC_WARN_ABOUT_RETURN_TYPE = YES_ERROR;
				GCC_WARN_UNDECLARED_SELECTOR = YES;
				GCC_WARN_UNINITIALIZED_AUTOS = YES_AGGRESSIVE;
				GCC_WARN_UNUSED_FUNCTION = YES;
				GCC_WARN_UNUSED_VARIABLE = YES;
				IPHONEOS_DEPLOYMENT_TARGET = 13.2;
				MTL_ENABLE_DEBUG_INFO = INCLUDE_SOURCE;
				MTL_FAST_MATH = YES;
				ONLY_ACTIVE_ARCH = YES;
				SDKROOT = iphoneos;
				SWIFT_ACTIVE_COMPILATION_CONDITIONS = DEBUG;
				SWIFT_OPTIMIZATION_LEVEL = "-Onone";
			};
			name = Debug;
		};
		D226F4CA23E65C0E001E82A8 /* Release */ = {
			isa = XCBuildConfiguration;
			buildSettings = {
				ALWAYS_SEARCH_USER_PATHS = NO;
				CLANG_ANALYZER_NONNULL = YES;
				CLANG_ANALYZER_NUMBER_OBJECT_CONVERSION = YES_AGGRESSIVE;
				CLANG_CXX_LANGUAGE_STANDARD = "gnu++14";
				CLANG_CXX_LIBRARY = "libc++";
				CLANG_ENABLE_MODULES = YES;
				CLANG_ENABLE_OBJC_ARC = YES;
				CLANG_ENABLE_OBJC_WEAK = YES;
				CLANG_WARN_BLOCK_CAPTURE_AUTORELEASING = YES;
				CLANG_WARN_BOOL_CONVERSION = YES;
				CLANG_WARN_COMMA = YES;
				CLANG_WARN_CONSTANT_CONVERSION = YES;
				CLANG_WARN_DEPRECATED_OBJC_IMPLEMENTATIONS = YES;
				CLANG_WARN_DIRECT_OBJC_ISA_USAGE = YES_ERROR;
				CLANG_WARN_DOCUMENTATION_COMMENTS = YES;
				CLANG_WARN_EMPTY_BODY = YES;
				CLANG_WARN_ENUM_CONVERSION = YES;
				CLANG_WARN_INFINITE_RECURSION = YES;
				CLANG_WARN_INT_CONVERSION = YES;
				CLANG_WARN_NON_LITERAL_NULL_CONVERSION = YES;
				CLANG_WARN_OBJC_IMPLICIT_RETAIN_SELF = YES;
				CLANG_WARN_OBJC_LITERAL_CONVERSION = YES;
				CLANG_WARN_OBJC_ROOT_CLASS = YES_ERROR;
				CLANG_WARN_RANGE_LOOP_ANALYSIS = YES;
				CLANG_WARN_STRICT_PROTOTYPES = YES;
				CLANG_WARN_SUSPICIOUS_MOVE = YES;
				CLANG_WARN_UNGUARDED_AVAILABILITY = YES_AGGRESSIVE;
				CLANG_WARN_UNREACHABLE_CODE = YES;
				CLANG_WARN__DUPLICATE_METHOD_MATCH = YES;
				COPY_PHASE_STRIP = NO;
				DEBUG_INFORMATION_FORMAT = "dwarf-with-dsym";
				ENABLE_NS_ASSERTIONS = NO;
				ENABLE_STRICT_OBJC_MSGSEND = YES;
				GCC_C_LANGUAGE_STANDARD = gnu11;
				GCC_NO_COMMON_BLOCKS = YES;
				GCC_WARN_64_TO_32_BIT_CONVERSION = YES;
				GCC_WARN_ABOUT_RETURN_TYPE = YES_ERROR;
				GCC_WARN_UNDECLARED_SELECTOR = YES;
				GCC_WARN_UNINITIALIZED_AUTOS = YES_AGGRESSIVE;
				GCC_WARN_UNUSED_FUNCTION = YES;
				GCC_WARN_UNUSED_VARIABLE = YES;
				IPHONEOS_DEPLOYMENT_TARGET = 13.2;
				MTL_ENABLE_DEBUG_INFO = NO;
				MTL_FAST_MATH = YES;
				SDKROOT = iphoneos;
				SWIFT_COMPILATION_MODE = wholemodule;
				SWIFT_OPTIMIZATION_LEVEL = "-O";
				VALIDATE_PRODUCT = YES;
			};
			name = Release;
		};
		D226F4CC23E65C0E001E82A8 /* Debug */ = {
			isa = XCBuildConfiguration;
			buildSettings = {
				ASSETCATALOG_COMPILER_APPICON_NAME = AppIcon;
				CODE_SIGN_STYLE = Automatic;
				DEVELOPMENT_TEAM = 36JMR38FZL;
				INFOPLIST_FILE = MemeIt/Info.plist;
				LD_RUNPATH_SEARCH_PATHS = (
					"$(inherited)",
					"@executable_path/Frameworks",
				);
				PRODUCT_BUNDLE_IDENTIFIER = com.scottharris.MemeIt;
				PRODUCT_NAME = "$(TARGET_NAME)";
				SWIFT_VERSION = 5.0;
				TARGETED_DEVICE_FAMILY = "1,2";
			};
			name = Debug;
		};
		D226F4CD23E65C0E001E82A8 /* Release */ = {
			isa = XCBuildConfiguration;
			buildSettings = {
				ASSETCATALOG_COMPILER_APPICON_NAME = AppIcon;
				CODE_SIGN_STYLE = Automatic;
				DEVELOPMENT_TEAM = 36JMR38FZL;
				INFOPLIST_FILE = MemeIt/Info.plist;
				LD_RUNPATH_SEARCH_PATHS = (
					"$(inherited)",
					"@executable_path/Frameworks",
				);
				PRODUCT_BUNDLE_IDENTIFIER = com.scottharris.MemeIt;
				PRODUCT_NAME = "$(TARGET_NAME)";
				SWIFT_VERSION = 5.0;
				TARGETED_DEVICE_FAMILY = "1,2";
			};
			name = Release;
		};
/* End XCBuildConfiguration section */

/* Begin XCConfigurationList section */
		D226F4B223E65C0C001E82A8 /* Build configuration list for PBXProject "MemeIt" */ = {
			isa = XCConfigurationList;
			buildConfigurations = (
				D226F4C923E65C0E001E82A8 /* Debug */,
				D226F4CA23E65C0E001E82A8 /* Release */,
			);
			defaultConfigurationIsVisible = 0;
			defaultConfigurationName = Release;
		};
		D226F4CB23E65C0E001E82A8 /* Build configuration list for PBXNativeTarget "MemeIt" */ = {
			isa = XCConfigurationList;
			buildConfigurations = (
				D226F4CC23E65C0E001E82A8 /* Debug */,
				D226F4CD23E65C0E001E82A8 /* Release */,
			);
			defaultConfigurationIsVisible = 0;
			defaultConfigurationName = Release;
		};
/* End XCConfigurationList section */
	};
	rootObject = D226F4AF23E65C0C001E82A8 /* Project object */;
}
